
Microsoft Visual Studio Solution File, Format Version 12.00
# Visual Studio Version 16
VisualStudioVersion = 16.0.32428.217
MinimumVisualStudioVersion = 10.0.40219.1
Project("{9A19103F-16F7-4668-BE54-9A1E7A4F7556}") = "WaterNetworkProject", "WaterNetworkProject.csproj", "{DAD5DDBC-2E73-4AF4-BE59-536176061235}"
EndProject
Global
	GlobalSection(SolutionConfigurationPlatforms) = preSolution
		Debug|Any CPU = Debug|Any CPU
		Release|Any CPU = Release|Any CPU
	EndGlobalSection
	GlobalSection(ProjectConfigurationPlatforms) = postSolution
		{DAD5DDBC-2E73-4AF4-BE59-536176061235}.Debug|Any CPU.ActiveCfg = Debug|Any CPU
		{DAD5DDBC-2E73-4AF4-BE59-536176061235}.Debug|Any CPU.Build.0 = Debug|Any CPU
		{DAD5DDBC-2E73-4AF4-BE59-536176061235}.Release|Any CPU.ActiveCfg = Release|Any CPU
		{DAD5DDBC-2E73-4AF4-BE59-536176061235}.Release|Any CPU.Build.0 = Release|Any CPU
	EndGlobalSection
	GlobalSection(SolutionProperties) = preSolution
		HideSolutionNode = FALSE
	EndGlobalSection
	GlobalSection(ExtensibilityGlobals) = postSolution
		SolutionGuid = {E3BB0B56-1206-4BA9-9D63-ACEACC918415}
	EndGlobalSection
EndGlobal
